
Microsoft Visual Studio Solution File, Format Version 12.00
# Visual Studio 15
VisualStudioVersion = 15.0.27703.2035
MinimumVisualStudioVersion = 10.0.40219.1
Project("{9A19103F-16F7-4668-BE54-9A1E7A4F7556}") = "GeekBurger.Dashboard", "GeekBurger.Dashboard\GeekBurger.Dashboard.csproj", "{3A3E46DE-DC6C-47CC-89BD-499F0854C669}"
EndProject
Project("{9A19103F-16F7-4668-BE54-9A1E7A4F7556}") = "GeekBurger.Dashboard.Contract", "GeekBurger.Dashboard.Contract\GeekBurger.Dashboard.Contract.csproj", "{4EE47A98-4BFA-42F3-ADEA-B6C4EDE5DD4F}"
EndProject
Project("{FAE04EC0-301F-11D3-BF4B-00C04F79EFBC}") = "GeekBurger.Dashboard.UI", "GeekBurger.Dashboard.UI\GeekBurger.Dashboard.UI.csproj", "{493A6036-E7E2-4D8E-82CE-465A8E171B7F}"
EndProject
Global
	GlobalSection(SolutionConfigurationPlatforms) = preSolution
		Debug|Any CPU = Debug|Any CPU
		Release|Any CPU = Release|Any CPU
	EndGlobalSection
	GlobalSection(ProjectConfigurationPlatforms) = postSolution
		{3A3E46DE-DC6C-47CC-89BD-499F0854C669}.Debug|Any CPU.ActiveCfg = Debug|Any CPU
		{3A3E46DE-DC6C-47CC-89BD-499F0854C669}.Debug|Any CPU.Build.0 = Debug|Any CPU
		{3A3E46DE-DC6C-47CC-89BD-499F0854C669}.Release|Any CPU.ActiveCfg = Release|Any CPU
		{3A3E46DE-DC6C-47CC-89BD-499F0854C669}.Release|Any CPU.Build.0 = Release|Any CPU
		{4EE47A98-4BFA-42F3-ADEA-B6C4EDE5DD4F}.Debug|Any CPU.ActiveCfg = Debug|Any CPU
		{4EE47A98-4BFA-42F3-ADEA-B6C4EDE5DD4F}.Debug|Any CPU.Build.0 = Debug|Any CPU
		{4EE47A98-4BFA-42F3-ADEA-B6C4EDE5DD4F}.Release|Any CPU.ActiveCfg = Release|Any CPU
		{4EE47A98-4BFA-42F3-ADEA-B6C4EDE5DD4F}.Release|Any CPU.Build.0 = Release|Any CPU
		{493A6036-E7E2-4D8E-82CE-465A8E171B7F}.Debug|Any CPU.ActiveCfg = Debug|Any CPU
		{493A6036-E7E2-4D8E-82CE-465A8E171B7F}.Debug|Any CPU.Build.0 = Debug|Any CPU
		{493A6036-E7E2-4D8E-82CE-465A8E171B7F}.Release|Any CPU.ActiveCfg = Release|Any CPU
		{493A6036-E7E2-4D8E-82CE-465A8E171B7F}.Release|Any CPU.Build.0 = Release|Any CPU
	EndGlobalSection
	GlobalSection(SolutionProperties) = preSolution
		HideSolutionNode = FALSE
	EndGlobalSection
	GlobalSection(ExtensibilityGlobals) = postSolution
		SolutionGuid = {2F0686D2-FF59-464F-BBBE-209484C853CC}
	EndGlobalSection
EndGlobal
